PLATFORMS
  aarch64-linux
  arm64-darwin-22
  arm64-darwin-23
  x86_64-darwin-23
  x86_64-linux

DEPENDENCIES
  activesupport (~> 3.2)
  bcrypt_pbkdf (>= 1.0, < 2.0)
  bigdecimal (= 1.4.2)
  capistrano (~> 3)
  capistrano-bundler
  capistrano-locally
  capistrano-rbenv
  cube-ruby
  ed25519 (>= 1.2, < 2.0)
  ffi
  goo!
  haml (~> 5.2.2)
  json-schema (~> 2.0)
  minitest (~> 4.0)
  minitest-stub_any_instance
  multi_json (~> 1.0)
  ncbo_annotator!
  ncbo_cron!
  ncbo_ontology_recommender!
  newrelic_rpm
  oj (~> 3.0)
  ontologies_linked_data!
  parseconfig
  rack
  rack-accept (~> 0.4)
  rack-attack (~> 6.6.1)
  rack-cache (~> 1.13.0)
  rack-cors
  rack-mini-profiler
  rack-post-body-to-params!
  rack-test
  rack-timeout
  rake (~> 10.0)
  redcarpet
  redis
  redis-rack-cache (~> 2.0)
  redis-store (~> 1.10)
  rubocop
  shotgun!
  simplecov
  simplecov-cobertura
  sinatra (~> 1.0)
  sinatra-advanced-routes
  sinatra-contrib (~> 1.0)
  sparql-client!
  unicorn
  unicorn-worker-killer

BUNDLED WITH
   2.3.22
